# THIS IS AN AUTOGENERATED FILE. DO NOT EDIT THIS FILE DIRECTLY.
# yarn lockfile v1


"@floating-ui/core@^1.3.1":
  "integrity" "sha512-Bu+AMaXNjrpjh41znzHqaz3r2Nr8hHuHZT6V2LBKMhyMl0FgKA62PNYbqnfgmzOhoWZj70Zecisbo4H1rotP5g=="
  "resolved" "https://registry.npmjs.org/@floating-ui/core/-/core-1.3.1.tgz"
  "version" "1.3.1"

"@floating-ui/dom@^1.1.0":
  "integrity" "sha512-96KnRWkRnuBSSFbj0sFGwwOUd8EkiecINVl0O9wiZlZ64EkpyAOG3Xc2vKKNJmru0Z7RqWNymA+6b8OZqjgyyw=="
  "resolved" "https://registry.npmjs.org/@floating-ui/dom/-/dom-1.4.5.tgz"
  "version" "1.4.5"
  dependencies:
    "@floating-ui/core" "^1.3.1"

"@livekit/components-core@^0.6.11", "@livekit/components-core@0.6.11":
  "integrity" "sha512-FufCqJ/G0rznKR4hCY1EM+9GtwGK+easNgOPw4WPvhFEOO4L00KuEYWpzbWBzVFBHYqBuypkZS4enOsSHwPAJQ=="
  "resolved" "https://registry.npmjs.org/@livekit/components-core/-/components-core-0.6.11.tgz"
  "version" "0.6.11"
  dependencies:
    "@floating-ui/dom" "^1.1.0"
    "email-regex" "^5.0.0"
    "global-tld-list" "^0.0.1139"
    "loglevel" "^1.8.1"
    "rxjs" "^7.8.0"

"@livekit/components-react@^1.0.8":
  "integrity" "sha512-JOGcoLwOXI2vQW0U7Zwh+DXIoC/Nm9/yOg7U6tAv6+Sps/BlAjyY09XVnI6GBLeJpiaqzlY2ualmfMKiWDgDhw=="
  "resolved" "https://registry.npmjs.org/@livekit/components-react/-/components-react-1.0.8.tgz"
  "version" "1.0.8"
  dependencies:
    "@livekit/components-core" "0.6.11"
    "@react-hook/latest" "^1.0.3"
    "clsx" "^1.2.1"

"@livekit/components-styles@^1.0.4":
  "integrity" "sha512-bLCj+asyZLKtviKK+wU2WJ/pe0K/QSkzolXAOKkVedojs2Yc4e6i1tjOr0rTRSJxl4opYrZK9Ye89HLq6J04fA=="
  "resolved" "https://registry.npmjs.org/@livekit/components-styles/-/components-styles-1.0.4.tgz"
  "version" "1.0.4"

"@next/env@13.4.15":
  "integrity" "sha512-GQXUy/y5NW4VbrKQMbLjsuTykJ7+Jtb9zcKH1WrmgI1zG7yCoZQaoI65YFNksEh+9EPSHX6Xr7U1/StIIAOXog=="
  "resolved" "https://registry.npmjs.org/@next/env/-/env-13.4.15.tgz"
  "version" "13.4.15"

"@next/swc-win32-x64-msvc@13.4.15":
  "integrity" "sha512-mUGemqDIuD2PjnqEkqMpeI8cXOTVjedo9cqoaMkrOVcoK1IX/w7h4qYeniMUCImamsDAoLms86Fq9LzxT24StQ=="
  "resolved" "https://registry.npmjs.org/@next/swc-win32-x64-msvc/-/swc-win32-x64-msvc-13.4.15.tgz"
  "version" "13.4.15"

"@protobufjs/aspromise@^1.1.1", "@protobufjs/aspromise@^1.1.2":
  "integrity" "sha512-j+gKExEuLmKwvz3OgROXtrJ2UG2x8Ch2YZUxahh+s1F2HZ+wAceUNLkvy6zKCPVRkU++ZWQrdxsUeQXmcg4uoQ=="
  "resolved" "https://registry.npmjs.org/@protobufjs/aspromise/-/aspromise-1.1.2.tgz"
  "version" "1.1.2"

"@protobufjs/base64@^1.1.2":
  "integrity" "sha512-AZkcAA5vnN/v4PDqKyMR5lx7hZttPDgClv83E//FMNhR2TMcLUhfRUBHCmSl0oi9zMgDDqRUJkSxO3wm85+XLg=="
  "resolved" "https://registry.npmjs.org/@protobufjs/base64/-/base64-1.1.2.tgz"
  "version" "1.1.2"

"@protobufjs/codegen@^2.0.4":
  "integrity" "sha512-YyFaikqM5sH0ziFZCN3xDC7zeGaB/d0IUb9CATugHWbd1FRFwWwt4ld4OYMPWu5a3Xe01mGAULCdqhMlPl29Jg=="
  "resolved" "https://registry.npmjs.org/@protobufjs/codegen/-/codegen-2.0.4.tgz"
  "version" "2.0.4"

"@protobufjs/eventemitter@^1.1.0":
  "integrity" "sha512-j9ednRT81vYJ9OfVuXG6ERSTdEL1xVsNgqpkxMsbIabzSo3goCjDIveeGv5d03om39ML71RdmrGNjG5SReBP/Q=="
  "resolved" "https://registry.npmjs.org/@protobufjs/eventemitter/-/eventemitter-1.1.0.tgz"
  "version" "1.1.0"

"@protobufjs/fetch@^1.1.0":
  "integrity" "sha512-lljVXpqXebpsijW71PZaCYeIcE5on1w5DlQy5WH6GLbFryLUrBD4932W/E2BSpfRJWseIL4v/KPgBFxDOIdKpQ=="
  "resolved" "https://registry.npmjs.org/@protobufjs/fetch/-/fetch-1.1.0.tgz"
  "version" "1.1.0"
  dependencies:
    "@protobufjs/aspromise" "^1.1.1"
    "@protobufjs/inquire" "^1.1.0"

"@protobufjs/float@^1.0.2":
  "integrity" "sha512-Ddb+kVXlXst9d+R9PfTIxh1EdNkgoRe5tOX6t01f1lYWOvJnSPDBlG241QLzcyPdoNTsblLUdujGSE4RzrTZGQ=="
  "resolved" "https://registry.npmjs.org/@protobufjs/float/-/float-1.0.2.tgz"
  "version" "1.0.2"

"@protobufjs/inquire@^1.1.0":
  "integrity" "sha512-kdSefcPdruJiFMVSbn801t4vFK7KB/5gd2fYvrxhuJYg8ILrmn9SKSX2tZdV6V+ksulWqS7aXjBcRXl3wHoD9Q=="
  "resolved" "https://registry.npmjs.org/@protobufjs/inquire/-/inquire-1.1.0.tgz"
  "version" "1.1.0"

"@protobufjs/path@^1.1.2":
  "integrity" "sha512-6JOcJ5Tm08dOHAbdR3GrvP+yUUfkjG5ePsHYczMFLq3ZmMkAD98cDgcT2iA1lJ9NVwFd4tH/iSSoe44YWkltEA=="
  "resolved" "https://registry.npmjs.org/@protobufjs/path/-/path-1.1.2.tgz"
  "version" "1.1.2"

"@protobufjs/pool@^1.1.0":
  "integrity" "sha512-0kELaGSIDBKvcgS4zkjz1PeddatrjYcmMWOlAuAPwAeccUrPHdUqo/J6LiymHHEiJT5NrF1UVwxY14f+fy4WQw=="
  "resolved" "https://registry.npmjs.org/@protobufjs/pool/-/pool-1.1.0.tgz"
  "version" "1.1.0"

"@protobufjs/utf8@^1.1.0":
  "integrity" "sha512-Vvn3zZrhQZkkBE8LSuW3em98c0FwgO4nxzv6OdSxPKJIEKY2bGbHn+mhGIPerzI4twdxaP8/0+06HBpwf345Lw=="
  "resolved" "https://registry.npmjs.org/@protobufjs/utf8/-/utf8-1.1.0.tgz"
  "version" "1.1.0"

"@react-hook/latest@^1.0.3":
  "integrity" "sha512-dy6duzl+JnAZcDbNTfmaP3xHiKtbXYOaz3G51MGVljh548Y8MWzTr+PHLOfvpypEVW9zwvl+VyKjbWKEVbV1Rg=="
  "resolved" "https://registry.npmjs.org/@react-hook/latest/-/latest-1.0.3.tgz"
  "version" "1.0.3"

"@swc/helpers@0.5.1":
  "integrity" "sha512-sJ902EfIzn1Fa+qYmjdQqh8tPsoxyBz+8yBKC2HKUxyezKJFwPGOn7pv4WY6QuQW//ySQi5lJjA/ZT9sNWWNTg=="
  "resolved" "https://registry.npmjs.org/@swc/helpers/-/helpers-0.5.1.tgz"
  "version" "0.5.1"
  dependencies:
    "tslib" "^2.4.0"

"@types/node@^12.12.21":
  "integrity" "sha512-J8xLz7q2OFulZ2cyGTLE1TbbZcjpno7FaN6zdJNrgAdrJ+DZzh/uFR6YrTb4C+nXakvud8Q4+rbhoIWlYQbUFQ=="
  "resolved" "https://registry.npmjs.org/@types/node/-/node-12.20.55.tgz"
  "version" "12.20.55"

"@types/node@>=13.7.0":
  "integrity" "sha512-Dd0BYtWgnWJKwO1jkmTrzofjK2QXXcai0dmtzvIBhcA+RsG5h8R3xlyta0kGOZRNfL9GuRtb1knmPEhQrePCEw=="
  "resolved" "https://registry.npmjs.org/@types/node/-/node-20.4.2.tgz"
  "version" "20.4.2"

"@types/prop-types@*":
  "integrity" "sha512-JCB8C6SnDoQf0cNycqd/35A7MjcnK+ZTqE7judS6o7utxUCg6imJg3QK2qzHKszlTjcj2cn+NwMB2i96ubpj7w=="
  "resolved" "https://registry.npmjs.org/@types/prop-types/-/prop-types-15.7.5.tgz"
  "version" "15.7.5"

"@types/react-dom@^17.0.1":
  "integrity" "sha512-4pzIjSxDueZZ90F52mU3aPoogkHIoSIDG+oQ+wQK7Cy2B9S+MvOqY0uEA/qawKz381qrEDkvpwyt8Bm31I8sbA=="
  "resolved" "https://registry.npmjs.org/@types/react-dom/-/react-dom-17.0.20.tgz"
  "version" "17.0.20"
  dependencies:
    "@types/react" "^17"

"@types/react@^17", "@types/react@^17.0.2":
  "integrity" "sha512-eANCyz9DG8p/Vdhr0ZKST8JV12PhH2ACCDYlFw6DIO+D+ca+uP4jtEDEpVqXZrh/uZdXQGwk7whJa3ah5DtyLw=="
  "resolved" "https://registry.npmjs.org/@types/react/-/react-17.0.62.tgz"
  "version" "17.0.62"
  dependencies:
    "@types/prop-types" "*"
    "@types/scheduler" "*"
    "csstype" "^3.0.2"

"@types/scheduler@*":
  "integrity" "sha512-5cJ8CB4yAx7BH1oMvdU0Jh9lrEXyPkar6F9G/ERswkCuvP4KQZfZkSjcMbAICCpQTN4OuZn8tz0HiKv9TGZgrQ=="
  "resolved" "https://registry.npmjs.org/@types/scheduler/-/scheduler-0.16.3.tgz"
  "version" "0.16.3"

"asynckit@^0.4.0":
  "integrity" "sha512-Oei9OH4tRh0YqU3GxhX79dM/mwVgvbZJaSNaRk+bshkj0S5cfHcgYakreBjrHwatXKbz+IoIdYLxrKim2MjW0Q=="
  "resolved" "https://registry.npmjs.org/asynckit/-/asynckit-0.4.0.tgz"
  "version" "0.4.0"

"axios@^1.3.6", "axios@^1.4.0":
  "integrity" "sha512-S4XCWMEmzvo64T9GfvQDOXgYRDJ/wsSZc7Jvdgx5u1sd0JwsuPLqb3SYmusag+edF6ziyMensPVqLTSc1PiSEA=="
  "resolved" "https://registry.npmjs.org/axios/-/axios-1.4.0.tgz"
  "version" "1.4.0"
  dependencies:
    "follow-redirects" "^1.15.0"
    "form-data" "^4.0.0"
    "proxy-from-env" "^1.1.0"

"buffer-equal-constant-time@1.0.1":
  "integrity" "sha512-zRpUiDwd/xk6ADqPMATG8vc9VPrkck7T07OIx0gnjmJAnHnTVXNQG3vfvWNuiZIkwu9KrKdA1iJKfsfTVxE6NA=="
  "resolved" "https://registry.npmjs.org/buffer-equal-constant-time/-/buffer-equal-constant-time-1.0.1.tgz"
  "version" "1.0.1"

"busboy@1.6.0":
  "integrity" "sha512-8SFQbg/0hQ9xy3UNTB0YEnsNBbWfhf7RtnzpL7TkBiTBRfrQ9Fxcnz7VJsleJpyp6rVLvXiuORqjlHi5q+PYuA=="
  "resolved" "https://registry.npmjs.org/busboy/-/busboy-1.6.0.tgz"
  "version" "1.6.0"
  dependencies:
    "streamsearch" "^1.1.0"

"camelcase-keys@^7.0.0":
  "integrity" "sha512-Rjs1H+A9R+Ig+4E/9oyB66UC5Mj9Xq3N//vcLf2WzgdTi/3gUu3Z9KoqmlrEG4VuuLK8wJHofxzdQXz/knhiYg=="
  "resolved" "https://registry.npmjs.org/camelcase-keys/-/camelcase-keys-7.0.2.tgz"
  "version" "7.0.2"
  dependencies:
    "camelcase" "^6.3.0"
    "map-obj" "^4.1.0"
    "quick-lru" "^5.1.1"
    "type-fest" "^1.2.1"

"camelcase@^6.3.0":
  "integrity" "sha512-Gmy6FhYlCY7uOElZUSbxo2UCDH8owEk996gkbrpsgGtrJLM3J7jGxl9Ic7Qwwj4ivOE5AWZWRMecDdF7hqGjFA=="
  "resolved" "https://registry.npmjs.org/camelcase/-/camelcase-6.3.0.tgz"
  "version" "6.3.0"

"caniuse-lite@^1.0.30001406":
  "integrity" "sha512-Vdhm5S11DaFVLlyiKu4hiUTkpZu+y1KA/rZZqVQfOD5YdDT/eQKlkt7NaE0WGOFgX32diqt9MiP9CAiFeRklaA=="
  "resolved" "https://registry.npmjs.org/caniuse-lite/-/caniuse-lite-1.0.30001517.tgz"
  "version" "1.0.30001517"

"client-only@0.0.1":
  "integrity" "sha512-IV3Ou0jSMzZrd3pZ48nLkT9DA7Ag1pnPzaiQhpW7c3RbcqqzvzzVu+L8gfqMp/8IM2MQtSiqaCxrrcfu8I8rMA=="
  "resolved" "https://registry.npmjs.org/client-only/-/client-only-0.0.1.tgz"
  "version" "0.0.1"

"clsx@^1.2.1":
  "integrity" "sha512-EcR6r5a8bj6pu3ycsa/E/cKVGuTgZJZdsyUYHOksG/UHIiKfjxzRxYJpyVBwYaQeOvghal9fcc4PidlgzugAQg=="
  "resolved" "https://registry.npmjs.org/clsx/-/clsx-1.2.1.tgz"
  "version" "1.2.1"

"combined-stream@^1.0.8":
  "integrity" "sha512-FQN4MRfuJeHf7cBbBMJFXhKSDq+2kAArBlmRBvcvFE5BB1HZKXtSFASDhdlz9zOYwxh8lDdnvmMOe/+5cdoEdg=="
  "resolved" "https://registry.npmjs.org/combined-stream/-/combined-stream-1.0.8.tgz"
  "version" "1.0.8"
  dependencies:
    "delayed-stream" "~1.0.0"

"csstype@^3.0.2":
  "integrity" "sha512-I7K1Uu0MBPzaFKg4nI5Q7Vs2t+3gWWW648spaF+Rg7pI9ds18Ugn+lvg4SHczUdKlHI5LWBXyqfS8+DufyBsgQ=="
  "resolved" "https://registry.npmjs.org/csstype/-/csstype-3.1.2.tgz"
  "version" "3.1.2"

"delayed-stream@~1.0.0":
  "integrity" "sha512-ZySD7Nf91aLB0RxL4KGrKHBXl7Eds1DAmEdcoVawXnLD7SDhpNgtuII2aAkg7a7QS41jxPSZ17p4VdGnMHk3MQ=="
  "resolved" "https://registry.npmjs.org/delayed-stream/-/delayed-stream-1.0.0.tgz"
  "version" "1.0.0"

"ecdsa-sig-formatter@1.0.11":
  "integrity" "sha512-nagl3RYrbNv6kQkeJIpt6NJZy8twLB/2vtz6yN9Z4vRKHN4/QZJIEbqohALSgwKdnksuY3k5Addp5lg8sVoVcQ=="
  "resolved" "https://registry.npmjs.org/ecdsa-sig-formatter/-/ecdsa-sig-formatter-1.0.11.tgz"
  "version" "1.0.11"
  dependencies:
    "safe-buffer" "^5.0.1"

"email-regex@^5.0.0":
  "integrity" "sha512-he76Cm8JFxb6OGQHabLBPdsiStgPmJeAEhctmw0uhonUh1pCBsHpI6/rB62s2GNzjBb0YlhIcF/1l9Lp5AfH0Q=="
  "resolved" "https://registry.npmjs.org/email-regex/-/email-regex-5.0.0.tgz"
  "version" "5.0.0"

"eventemitter3@^5.0.1":
  "integrity" "sha512-GWkBvjiSZK87ELrYOSESUYeVIc9mvLLf/nXalMOS5dYrgZq9o5OVkbZAVM06CVxYsCwH9BDZFPlQTlPA1j4ahA=="
  "resolved" "https://registry.npmjs.org/eventemitter3/-/eventemitter3-5.0.1.tgz"
  "version" "5.0.1"

"follow-redirects@^1.15.0":
  "integrity" "sha512-VQLG33o04KaQ8uYi2tVNbdrWp1QWxNNea+nmIB4EVM28v0hmP17z7aG1+wAkNzVq4KeXTq3221ye5qTJP91JwA=="
  "resolved" "https://registry.npmjs.org/follow-redirects/-/follow-redirects-1.15.2.tgz"
  "version" "1.15.2"

"form-data@^4.0.0":
  "integrity" "sha512-ETEklSGi5t0QMZuiXoA/Q6vcnxcLQP5vdugSpuAyi6SVGi2clPPp+xgEhuMaHC+zGgn31Kd235W35f7Hykkaww=="
  "resolved" "https://registry.npmjs.org/form-data/-/form-data-4.0.0.tgz"
  "version" "4.0.0"
  dependencies:
    "asynckit" "^0.4.0"
    "combined-stream" "^1.0.8"
    "mime-types" "^2.1.12"

"glob-to-regexp@^0.4.1":
  "integrity" "sha512-lkX1HJXwyMcprw/5YUZc2s7DrpAiHB21/V+E1rHUrVNokkvB6bqMzT0VfV6/86ZNabt1k14YOIaT7nDvOX3Iiw=="
  "resolved" "https://registry.npmjs.org/glob-to-regexp/-/glob-to-regexp-0.4.1.tgz"
  "version" "0.4.1"

"global-tld-list@^0.0.1139":
  "integrity" "sha512-TCWjAwHPzFV6zbQ5jnJvJTctesHGJr9BppxivRuIxTiIFUzaxy1F0674cxjoJecW5s8V32Q5i35dBFqvAy7eGQ=="
  "resolved" "https://registry.npmjs.org/global-tld-list/-/global-tld-list-0.0.1139.tgz"
  "version" "0.0.1139"

"graceful-fs@^4.1.2":
  "integrity" "sha512-RbJ5/jmFcNNCcDV5o9eTnBLJ/HszWV0P73bc+Ff4nS/rJj+YaS6IGyiOL0VoBYX+l1Wrl3k63h/KrH+nhJ0XvQ=="
  "resolved" "https://registry.npmjs.org/graceful-fs/-/graceful-fs-4.2.11.tgz"
  "version" "4.2.11"

"js-tokens@^3.0.0 || ^4.0.0":
  "integrity" "sha512-RdJUflcE3cUzKiMqQgsCu06FPu9UdIJO0beYbPhHN4k6apgJtifcoCtT9bcxOpYBtpD2kCM6Sbzg4CausW/PKQ=="
  "resolved" "https://registry.npmjs.org/js-tokens/-/js-tokens-4.0.0.tgz"
  "version" "4.0.0"

"jsonwebtoken@^9.0.0":
  "integrity" "sha512-PRp66vJ865SSqOlgqS8hujT5U4AOgMfhrwYIuIhfKaoSCZcirrmASQr8CX7cUg+RMih+hgznrjp99o+W4pJLHQ=="
  "resolved" "https://registry.npmjs.org/jsonwebtoken/-/jsonwebtoken-9.0.2.tgz"
  "version" "9.0.2"
  dependencies:
    "jws" "^3.2.2"
    "lodash.includes" "^4.3.0"
    "lodash.isboolean" "^3.0.3"
    "lodash.isinteger" "^4.0.4"
    "lodash.isnumber" "^3.0.3"
    "lodash.isplainobject" "^4.0.6"
    "lodash.isstring" "^4.0.1"
    "lodash.once" "^4.0.0"
    "ms" "^2.1.1"
    "semver" "^7.5.4"

"jwa@^1.4.1":
  "integrity" "sha512-qiLX/xhEEFKUAJ6FiBMbes3w9ATzyk5W7Hvzpa/SLYdxNtng+gcurvrI7TbACjIXlsJyr05/S1oUhZrc63evQA=="
  "resolved" "https://registry.npmjs.org/jwa/-/jwa-1.4.1.tgz"
  "version" "1.4.1"
  dependencies:
    "buffer-equal-constant-time" "1.0.1"
    "ecdsa-sig-formatter" "1.0.11"
    "safe-buffer" "^5.0.1"

"jws@^3.2.2":
  "integrity" "sha512-YHlZCB6lMTllWDtSPHz/ZXTsi8S00usEV6v1tjq8tOUZzw7DpSDWVXjXDre6ed1w/pd495ODpHZYSdkRTsa0HA=="
  "resolved" "https://registry.npmjs.org/jws/-/jws-3.2.2.tgz"
  "version" "3.2.2"
  dependencies:
    "jwa" "^1.4.1"
    "safe-buffer" "^5.0.1"

"livekit-client@^1.12.0", "livekit-client@^1.12.1":
  "integrity" "sha512-/mob04a/Mb0D+4sIzB7/pqakpJMCORSK+Qu5oTIcuSpgL+eBYGzHPE2sutGCGoe3Ns9sITAqUTyiui5+GN3i2w=="
  "resolved" "https://registry.npmjs.org/livekit-client/-/livekit-client-1.12.1.tgz"
  "version" "1.12.1"
  dependencies:
    "eventemitter3" "^5.0.1"
    "loglevel" "^1.8.0"
    "protobufjs" "^7.0.0"
    "sdp-transform" "^2.14.1"
    "ts-debounce" "^4.0.0"
    "webrtc-adapter" "^8.1.1"

"livekit-server-sdk@^1.2.6":
  "integrity" "sha512-Oc3lArzsyS3zzjQcTMqb3mnzHXTch0g8p4GqOcuaDaeo7J7vbf0soFUd94vURgqBq5h7wOTOOi7DlC2S0nj6LA=="
  "resolved" "https://registry.npmjs.org/livekit-server-sdk/-/livekit-server-sdk-1.2.6.tgz"
  "version" "1.2.6"
  dependencies:
    "axios" "^1.3.6"
    "camelcase-keys" "^7.0.0"
    "jsonwebtoken" "^9.0.0"
    "long" "^5.0.0"
    "protobufjs" "^7.2.4"

"lodash.includes@^4.3.0":
  "integrity" "sha512-W3Bx6mdkRTGtlJISOvVD/lbqjTlPPUDTMnlXZFnVwi9NKJ6tiAk6LVdlhZMm17VZisqhKcgzpO5Wz91PCt5b0w=="
  "resolved" "https://registry.npmjs.org/lodash.includes/-/lodash.includes-4.3.0.tgz"
  "version" "4.3.0"

"lodash.isboolean@^3.0.3":
  "integrity" "sha512-Bz5mupy2SVbPHURB98VAcw+aHh4vRV5IPNhILUCsOzRmsTmSQ17jIuqopAentWoehktxGd9e/hbIXq980/1QJg=="
  "resolved" "https://registry.npmjs.org/lodash.isboolean/-/lodash.isboolean-3.0.3.tgz"
  "version" "3.0.3"

"lodash.isinteger@^4.0.4":
  "integrity" "sha512-DBwtEWN2caHQ9/imiNeEA5ys1JoRtRfY3d7V9wkqtbycnAmTvRRmbHKDV4a0EYc678/dia0jrte4tjYwVBaZUA=="
  "resolved" "https://registry.npmjs.org/lodash.isinteger/-/lodash.isinteger-4.0.4.tgz"
  "version" "4.0.4"

"lodash.isnumber@^3.0.3":
  "integrity" "sha512-QYqzpfwO3/CWf3XP+Z+tkQsfaLL/EnUlXWVkIk5FUPc4sBdTehEqZONuyRt2P67PXAk+NXmTBcc97zw9t1FQrw=="
  "resolved" "https://registry.npmjs.org/lodash.isnumber/-/lodash.isnumber-3.0.3.tgz"
  "version" "3.0.3"

"lodash.isplainobject@^4.0.6":
  "integrity" "sha512-oSXzaWypCMHkPC3NvBEaPHf0KsA5mvPrOPgQWDsbg8n7orZ290M0BmC/jgRZ4vcJ6DTAhjrsSYgdsW/F+MFOBA=="
  "resolved" "https://registry.npmjs.org/lodash.isplainobject/-/lodash.isplainobject-4.0.6.tgz"
  "version" "4.0.6"

"lodash.isstring@^4.0.1":
  "integrity" "sha512-0wJxfxH1wgO3GrbuP+dTTk7op+6L41QCXbGINEmD+ny/G/eCqGzxyCsh7159S+mgDDcoarnBw6PC1PS5+wUGgw=="
  "resolved" "https://registry.npmjs.org/lodash.isstring/-/lodash.isstring-4.0.1.tgz"
  "version" "4.0.1"

"lodash.once@^4.0.0":
  "integrity" "sha512-Sb487aTOCr9drQVL8pIxOzVhafOjZN9UU54hiN8PU3uAiSV7lx1yYNpbNmex2PK6dSJoNTSJUUswT651yww3Mg=="
  "resolved" "https://registry.npmjs.org/lodash.once/-/lodash.once-4.1.1.tgz"
  "version" "4.1.1"

"loglevel@^1.8.0", "loglevel@^1.8.1":
  "integrity" "sha512-tCRIJM51SHjAayKwC+QAg8hT8vg6z7GSgLJKGvzuPb1Wc+hLzqtuVLxp6/HzSPOozuK+8ErAhy7U/sVzw8Dgfg=="
  "resolved" "https://registry.npmjs.org/loglevel/-/loglevel-1.8.1.tgz"
  "version" "1.8.1"

"long@^5.0.0":
  "integrity" "sha512-lcHwpNoggQTObv5apGNCTdJrO69eHOZMi4BNC+rTLER8iHAqGrUVeLh/irVIM7zTw2bOXA8T6uNPeujwOLg/2Q=="
  "resolved" "https://registry.npmjs.org/long/-/long-5.2.3.tgz"
  "version" "5.2.3"

"loose-envify@^1.1.0":
  "integrity" "sha512-lyuxPGr/Wfhrlem2CL/UcnUc1zcqKAImBDzukY7Y5F/yQiNdko6+fRLevlw1HgMySw7f611UIY408EtxRSoK3Q=="
  "resolved" "https://registry.npmjs.org/loose-envify/-/loose-envify-1.4.0.tgz"
  "version" "1.4.0"
  dependencies:
    "js-tokens" "^3.0.0 || ^4.0.0"

"lru-cache@^6.0.0":
  "integrity" "sha512-Jo6dJ04CmSjuznwJSS3pUeWmd/H0ffTlkXXgwZi+eq1UCmqQwCh+eLsYOYCwY991i2Fah4h1BEMCx4qThGbsiA=="
  "resolved" "https://registry.npmjs.org/lru-cache/-/lru-cache-6.0.0.tgz"
  "version" "6.0.0"
  dependencies:
    "yallist" "^4.0.0"

"map-obj@^4.1.0":
  "integrity" "sha512-hdN1wVrZbb29eBGiGjJbeP8JbKjq1urkHJ/LIP/NY48MZ1QVXUsQBV1G1zvYFHn1XE06cwjBsOI2K3Ulnj1YXQ=="
  "resolved" "https://registry.npmjs.org/map-obj/-/map-obj-4.3.0.tgz"
  "version" "4.3.0"

"mime-db@1.52.0":
  "integrity" "sha512-sPU4uV7dYlvtWJxwwxHD0PuihVNiE7TyAbQ5SWxDCB9mUYvOgroQOwYQQOKPJ8CIbE+1ETVlOoK1UC2nU3gYvg=="
  "resolved" "https://registry.npmjs.org/mime-db/-/mime-db-1.52.0.tgz"
  "version" "1.52.0"

"mime-types@^2.1.12":
  "integrity" "sha512-ZDY+bPm5zTTF+YpCrAU9nK0UgICYPT0QtT1NZWFv4s++TNkcgVaT0g6+4R2uI4MjQjzysHB1zxuWL50hzaeXiw=="
  "resolved" "https://registry.npmjs.org/mime-types/-/mime-types-2.1.35.tgz"
  "version" "2.1.35"
  dependencies:
    "mime-db" "1.52.0"

"ms@^2.1.1":
  "integrity" "sha512-6FlzubTLZG3J2a/NVCAleEhjzq5oxgHyaCU9yYXvcLsvoVaHJq/s5xXI6/XXP6tz7R9xAOtHnSO/tXtF3WRTlA=="
  "resolved" "https://registry.npmjs.org/ms/-/ms-2.1.3.tgz"
  "version" "2.1.3"

"nanoid@^3.3.4":
  "integrity" "sha512-BGcqMMJuToF7i1rt+2PWSNVnWIkGCU78jBG3RxO/bZlnZPK2Cmi2QaffxGO/2RvWi9sL+FAiRiXMgsyxQ1DIDA=="
  "resolved" "https://registry.npmjs.org/nanoid/-/nanoid-3.3.6.tgz"
  "version" "3.3.6"

"next@latest":
  "integrity" "sha512-s4ZSBwZrvpY0IDzRtD7C5CY8FA/8ZIYqrJZHnwrf6mkUVA+Y+A6CtwBYyxml6VKgP/3DFNqCqkBQGInZuPHzmQ=="
  "resolved" "https://registry.npmjs.org/next/-/next-13.4.15.tgz"
  "version" "13.4.15"
  dependencies:
    "@next/env" "13.4.15"
    "@swc/helpers" "0.5.1"
    "busboy" "1.6.0"
    "caniuse-lite" "^1.0.30001406"
    "postcss" "8.4.14"
    "styled-jsx" "5.1.1"
    "watchpack" "2.4.0"
    "zod" "3.21.4"
  optionalDependencies:
    "@next/swc-darwin-arm64" "13.4.15"
    "@next/swc-darwin-x64" "13.4.15"
    "@next/swc-linux-arm64-gnu" "13.4.15"
    "@next/swc-linux-arm64-musl" "13.4.15"
    "@next/swc-linux-x64-gnu" "13.4.15"
    "@next/swc-linux-x64-musl" "13.4.15"
    "@next/swc-win32-arm64-msvc" "13.4.15"
    "@next/swc-win32-ia32-msvc" "13.4.15"
    "@next/swc-win32-x64-msvc" "13.4.15"

"picocolors@^1.0.0":
  "integrity" "sha512-1fygroTLlHu66zi26VoTDv8yRgm0Fccecssto+MhsZ0D/DGW2sm8E8AjW7NU5VVTRt5GxbeZ5qBuJr+HyLYkjQ=="
  "resolved" "https://registry.npmjs.org/picocolors/-/picocolors-1.0.0.tgz"
  "version" "1.0.0"

"postcss@8.4.14":
  "integrity" "sha512-E398TUmfAYFPBSdzgeieK2Y1+1cpdxJx8yXbK/m57nRhKSmk1GB2tO4lbLBtlkfPQTDKfe4Xqv1ASWPpayPEig=="
  "resolved" "https://registry.npmjs.org/postcss/-/postcss-8.4.14.tgz"
  "version" "8.4.14"
  dependencies:
    "nanoid" "^3.3.4"
    "picocolors" "^1.0.0"
    "source-map-js" "^1.0.2"

"protobufjs@^7.0.0", "protobufjs@^7.2.4":
  "integrity" "sha512-AT+RJgD2sH8phPmCf7OUZR8xGdcJRga4+1cOaXJ64hvcSkVhNcRHOwIxUatPH15+nj59WAGTDv3LSGZPEQbJaQ=="
  "resolved" "https://registry.npmjs.org/protobufjs/-/protobufjs-7.2.4.tgz"
  "version" "7.2.4"
  dependencies:
    "@protobufjs/aspromise" "^1.1.2"
    "@protobufjs/base64" "^1.1.2"
    "@protobufjs/codegen" "^2.0.4"
    "@protobufjs/eventemitter" "^1.1.0"
    "@protobufjs/fetch" "^1.1.0"
    "@protobufjs/float" "^1.0.2"
    "@protobufjs/inquire" "^1.1.0"
    "@protobufjs/path" "^1.1.2"
    "@protobufjs/pool" "^1.1.0"
    "@protobufjs/utf8" "^1.1.0"
    "@types/node" ">=13.7.0"
    "long" "^5.0.0"

"proxy-from-env@^1.1.0":
  "integrity" "sha512-D+zkORCbA9f1tdWRK0RaCR3GPv50cMxcrz4X8k5LTSUD1Dkw47mKJEZQNunItRTkWwgtaUSo1RVFRIG9ZXiFYg=="
  "resolved" "https://registry.npmjs.org/proxy-from-env/-/proxy-from-env-1.1.0.tgz"
  "version" "1.1.0"

"quick-lru@^5.1.1":
  "integrity" "sha512-WuyALRjWPDGtt/wzJiadO5AXY+8hZ80hVpe6MyivgraREW751X3SbhRvG3eLKOYN+8VEvqLcf3wdnt44Z4S4SA=="
  "resolved" "https://registry.npmjs.org/quick-lru/-/quick-lru-5.1.1.tgz"
  "version" "5.1.1"

"react-dom@^18.2.0", "react-dom@>=18":
  "integrity" "sha512-6IMTriUmvsjHUjNtEDudZfuDQUoWXVxKHhlEGSk81n4YFS+r/Kl99wXiwlVXtPBtJenozv2P+hxDsw9eA7Xo6g=="
  "resolved" "https://registry.npmjs.org/react-dom/-/react-dom-18.2.0.tgz"
  "version" "18.2.0"
  dependencies:
    "loose-envify" "^1.1.0"
    "scheduler" "^0.23.0"

"react@^18.2.0", "react@>= 16.8.0 || 17.x.x || ^18.0.0-0", "react@>=16.8", "react@>=18":
  "integrity" "sha512-/3IjMdb2L9QbBdWiW5e3P2/npwMBaU9mHCSCUzNln0ZCYbcfTsGbTJrU/kGemdH2IWmB2ioZ+zkxtmq6g09fGQ=="
  "resolved" "https://registry.npmjs.org/react/-/react-18.2.0.tgz"
  "version" "18.2.0"
  dependencies:
    "loose-envify" "^1.1.0"

"rxjs@^7.8.0":
  "integrity" "sha512-AA3TVj+0A2iuIoQkWEK/tqFjBq2j+6PO6Y0zJcvzLAFhEFIO3HL0vls9hWLncZbAAbK0mar7oZ4V079I/qPMxg=="
  "resolved" "https://registry.npmjs.org/rxjs/-/rxjs-7.8.1.tgz"
  "version" "7.8.1"
  dependencies:
    "tslib" "^2.1.0"

"safe-buffer@^5.0.1":
  "integrity" "sha512-rp3So07KcdmmKbGvgaNxQSJr7bGVSVk5S9Eq1F+ppbRo70+YeaDxkw5Dd8NPN+GD6bjnYm2VuPuCXmpuYvmCXQ=="
  "resolved" "https://registry.npmjs.org/safe-buffer/-/safe-buffer-5.2.1.tgz"
  "version" "5.2.1"

"scheduler@^0.23.0":
  "integrity" "sha512-CtuThmgHNg7zIZWAXi3AsyIzA3n4xx7aNyjwC2VJldO2LMVDhFK+63xGqq6CsJH4rTAt6/M+N4GhZiDYPx9eUw=="
  "resolved" "https://registry.npmjs.org/scheduler/-/scheduler-0.23.0.tgz"
  "version" "0.23.0"
  dependencies:
    "loose-envify" "^1.1.0"

"sdp-transform@^2.14.1":
  "integrity" "sha512-RjZyX3nVwJyCuTo5tGPx+PZWkDMCg7oOLpSlhjDdZfwUoNqG1mM8nyj31IGHyaPWXhjbP7cdK3qZ2bmkJ1GzRw=="
  "resolved" "https://registry.npmjs.org/sdp-transform/-/sdp-transform-2.14.1.tgz"
  "version" "2.14.1"

"sdp@^3.2.0":
  "integrity" "sha512-d7wDPgDV3DDiqulJjKiV2865wKsJ34YI+NDREbm+FySq6WuKOikwyNQcm+doLAZ1O6ltdO0SeKle2xMpN3Brgw=="
  "resolved" "https://registry.npmjs.org/sdp/-/sdp-3.2.0.tgz"
  "version" "3.2.0"

"semver@^7.5.4":
  "integrity" "sha512-1bCSESV6Pv+i21Hvpxp3Dx+pSD8lIPt8uVjRrxAUt/nbswYc+tK6Y2btiULjd4+fnq15PX+nqQDC7Oft7WkwcA=="
  "resolved" "https://registry.npmjs.org/semver/-/semver-7.5.4.tgz"
  "version" "7.5.4"
  dependencies:
    "lru-cache" "^6.0.0"

"source-map-js@^1.0.2":
  "integrity" "sha512-R0XvVJ9WusLiqTCEiGCmICCMplcCkIwwR11mOSD9CR5u+IXYdiseeEuXCVAjS54zqwkLcPNnmU4OeJ6tUrWhDw=="
  "resolved" "https://registry.npmjs.org/source-map-js/-/source-map-js-1.0.2.tgz"
  "version" "1.0.2"

"streamsearch@^1.1.0":
  "integrity" "sha512-Mcc5wHehp9aXz1ax6bZUyY5afg9u2rv5cqQI3mRrYkGC8rW2hM02jWuwjtL++LS5qinSyhj2QfLyNsuc+VsExg=="
  "resolved" "https://registry.npmjs.org/streamsearch/-/streamsearch-1.1.0.tgz"
  "version" "1.1.0"

"styled-jsx@5.1.1":
  "integrity" "sha512-pW7uC1l4mBZ8ugbiZrcIsiIvVx1UmTfw7UkC3Um2tmfUq9Bhk8IiyEIPl6F8agHgjzku6j0xQEZbfA5uSgSaCw=="
  "resolved" "https://registry.npmjs.org/styled-jsx/-/styled-jsx-5.1.1.tgz"
  "version" "5.1.1"
  dependencies:
    "client-only" "0.0.1"

"ts-debounce@^4.0.0":
  "integrity" "sha512-+1iDGY6NmOGidq7i7xZGA4cm8DAa6fqdYcvO5Z6yBevH++Bdo9Qt/mN0TzHUgcCcKv1gmh9+W5dHqz8pMWbCbg=="
  "resolved" "https://registry.npmjs.org/ts-debounce/-/ts-debounce-4.0.0.tgz"
  "version" "4.0.0"

"tslib@^2.1.0", "tslib@^2.4.0":
  "integrity" "sha512-7At1WUettjcSRHXCyYtTselblcHl9PJFFVKiCAy/bY97+BPZXSQ2wbq0P9s8tK2G7dFQfNnlJnPAiArVBVBsfA=="
  "resolved" "https://registry.npmjs.org/tslib/-/tslib-2.6.0.tgz"
  "version" "2.6.0"

"type-fest@^1.2.1":
  "integrity" "sha512-yGSza74xk0UG8k+pLh5oeoYirvIiWo5t0/o3zHHAO2tRDiZcxWP7fywNlXhqb6/r6sWvwi+RsyQMWhVLe4BVuA=="
  "resolved" "https://registry.npmjs.org/type-fest/-/type-fest-1.4.0.tgz"
  "version" "1.4.0"

"typescript@^4.8.3":
  "integrity" "sha512-1FXk9E2Hm+QzZQ7z+McJiHL4NW1F2EzMu9Nq9i3zAaGqibafqYwCVU6WyWAuyQRRzOlxou8xZSyXLEN8oKj24g=="
  "resolved" "https://registry.npmjs.org/typescript/-/typescript-4.9.5.tgz"
  "version" "4.9.5"

"watchpack@2.4.0":
  "integrity" "sha512-Lcvm7MGST/4fup+ifyKi2hjyIAwcdI4HRgtvTpIUxBRhB+RFtUh8XtDOxUfctVCnhVi+QQj49i91OyvzkJl6cg=="
  "resolved" "https://registry.npmjs.org/watchpack/-/watchpack-2.4.0.tgz"
  "version" "2.4.0"
  dependencies:
    "glob-to-regexp" "^0.4.1"
    "graceful-fs" "^4.1.2"

"webrtc-adapter@^8.1.1":
  "integrity" "sha512-gnmRz++suzmvxtp3ehQts6s2JtAGPuDPjA1F3a9ckNpG1kYdYuHWYpazoAnL9FS5/B21tKlhkorbdCXat0+4xQ=="
  "resolved" "https://registry.npmjs.org/webrtc-adapter/-/webrtc-adapter-8.2.3.tgz"
  "version" "8.2.3"
  dependencies:
    "sdp" "^3.2.0"

"yallist@^4.0.0":
  "integrity" "sha512-3wdGidZyq5PB084XLES5TpOSRA3wjXAlIWMhum2kRcv/41Sn2emQ0dycQW4uZXLejwKvg6EsvbdlVL+FYEct7A=="
  "resolved" "https://registry.npmjs.org/yallist/-/yallist-4.0.0.tgz"
  "version" "4.0.0"

"zod@3.21.4":
  "integrity" "sha512-m46AKbrzKVzOzs/DZgVnG5H55N1sv1M8qZU3A8RIKbs3mrACDNeIOeilDymVb2HdmP8uwshOCF4uJ8uM9rCqJw=="
  "resolved" "https://registry.npmjs.org/zod/-/zod-3.21.4.tgz"
  "version" "3.21.4"
